# Hash-pinned Python 3.11 x86_64 Linux validation environment.
# The permanent controller uses the smaller vm-runtime.lock environment.
ansible-core==2.19.11 \
    --hash=sha256:c39612b1f55a3321445a09eaee43f59ca6c849483792088a4767b97d8fe8580f
attrs==26.1.0 \
    --hash=sha256:c647aa4a12dfbad9333ca4e71fe62ddc36f4e63b2d260a37a8b83d2f043ac309
build==1.3.0 \
    --hash=sha256:7145f0b5061ba90a1500d60bd1b13ca0a8a4cebdd0cc16ed8adf1c0e739f43b4
cffi==2.1.1 \
    --hash=sha256:34e261f78cb6ceaaa36f42f2613f4380d94d9c759a9c73c769ee6e0247364632
cryptography==50.0.0 \
    --hash=sha256:06a32a980526a6ab9a4b9bf8f7385800791e2bb960903cb6b530e4817509a3b7
iniconfig==2.3.0 \
    --hash=sha256:f631c04d2c48c52b84d0d0549c99ff3859c98df65b3101406327ecc7d53fbf12
Jinja2==3.1.6 \
    --hash=sha256:85ece4451f492d0c13c5dd7c13a64681a86afae63a5f347908daf103ce6d2f67
jsonschema==4.26.0 \
    --hash=sha256:d489f15263b8d200f8387e64b4c3a75f06629559fb73deb8fdfb525f2dab50ce
jsonschema-specifications==2025.9.1 \
    --hash=sha256:98802fee3a11ee76ecaca44429fda8a41bff98b00a0f2838151b113f210cc6fe
MarkupSafe==3.0.3 \
    --hash=sha256:0bf2a864d67e76e5c9a34dc26ec616a66b9888e25e7b9460e1c76d3293bd9dbf
packaging==26.0 \
    --hash=sha256:b36f1fef9334a5588b4166f8bcd26a14e521f2b55e6b9de3aaa80d3ff7a37529
pluggy==1.6.0 \
    --hash=sha256:e920276dd6813095e9377c0bc5566d94c932c33b27a3e3945d8389c374dd4746
pycparser==3.0 \
    --hash=sha256:b727414169a36b7d524c1c3e31839a521725078d7b2ff038656844266160a992
Pygments==2.20.0 \
    --hash=sha256:81a9e26dd42fd28a23a2d169d86d7ac03b46e2f8b59ed4698fb4785f946d0176
pyproject-hooks==1.2.0 \
    --hash=sha256:9e5c6bfa8dcc30091c74b0cf803c81fdd29d94f01992a7707bc97babb1141913
pytest==9.1.1 \
    --hash=sha256:37a86b45efb9a47a61a36449063e8e18d0cab3161329fc099eb21783169c4f0c
PyYAML==6.0.3 \
    --hash=sha256:b8bb0864c5a28024fac8a632c443c87c5aa6f215c0b126c449ae1a150412f31d
referencing==0.37.0 \
    --hash=sha256:381329a9f99628c9069361716891d34ad94af76e461dcb0335825aecc7692231
resolvelib==1.2.1 \
    --hash=sha256:fb06b66c8da04172d9e72a21d7d06186d8919e32ae5ab5cdf5b9d920be805ac2
rpds-py==2026.6.3 \
    --hash=sha256:9c1255b302953c86a486b81d330d5ee1d5bd937691ce271b6be0ef0e299eaab7
ruff==0.16.2 \
    --hash=sha256:ab3d62dde0b19facdd632008cc4827fc28ada7736c6bd35ab6f1050f0bfed53f
setuptools==80.9.0 \
    --hash=sha256:062d34222ad13e0cc312a4c02d73f059e86a4acbfbdea8f8f76b28c99f306922
typing-extensions==4.16.0 \
    --hash=sha256:481caa481374e813c1b176ada14e97f1f67a4539ce9cfeb3f350d78d6370c2e8
